<?xml version="1.0" encoding="utf-8"?>
<Project ToolsVersion="4.0" xmlns:atg="http://atg.xbox.com" xmlns="http://schemas.microsoft.com/developer/msbuild/2003">
  <ItemGroup>
    <Filter Include="Resource Files">
      <UniqueIdentifier>{8e114980-c1a3-4ada-ad7c-83caadf5daeb}</UniqueIdentifier>
      <Extensions>rc;ico;cur;bmp;dlg;rc2;rct;bin;rgs;gif;jpg;jpeg;jpe</Extensions>
    </Filter>
    <Filter Include="DXUT">
      <UniqueIdentifier>{a43c5c25-0e86-4a20-b64a-883785ff74fd}</UniqueIdentifier>
    </Filter>
    <Filter Include="Shaders">
      <UniqueIdentifier>{2c3d4c8c-5d1a-459a-a05a-a4e4b608a44e}</UniqueIdentifier>
      <Extensions>fx;fxh;hlsl</Extensions>
    </Filter>
    <Filter Include="Core">
      <UniqueIdentifier>{cecf97ce-48f6-4b6f-a701-d2868c15805b}</UniqueIdentifier>
    </Filter>
    <Filter Include="Scene">
      <UniqueIdentifier>{7fdbc368-bad6-425b-bb3d-06a2ac4d80ec}</UniqueIdentifier>
    </Filter>
    <Filter Include="Object">
      <UniqueIdentifier>{5e30e409-3c51-40c6-a2ae-78c13f4a2b0f}</UniqueIdentifier>
    </Filter>
    <Filter Include="Object\Unit">
      <UniqueIdentifier>{155030bc-9018-43f8-b5f0-8876e290bc7b}</UniqueIdentifier>
    </Filter>
    <Filter Include="Object\Unit\Player">
      <UniqueIdentifier>{deeb4588-5df4-41be-9630-a9d62c19760c}</UniqueIdentifier>
    </Filter>
    <Filter Include="Object\Unit\Enemy">
      <UniqueIdentifier>{4a206676-3f92-4224-aeff-9b4a7e4b1ecf}</UniqueIdentifier>
    </Filter>
    <Filter Include="Object\Unit\Player\Weapon">
      <UniqueIdentifier>{b8154619-4a46-4e9d-99fa-051b3ffbcc4d}</UniqueIdentifier>
    </Filter>
    <Filter Include="Object\Effect">
      <UniqueIdentifier>{ec538748-5ce5-42e5-ac42-59342f0c2e23}</UniqueIdentifier>
    </Filter>
    <Filter Include="Object\Bullet">
      <UniqueIdentifier>{b09020df-9a4f-4809-b819-6f2b42c67bdb}</UniqueIdentifier>
    </Filter>
    <Filter Include="Object\Item">
      <UniqueIdentifier>{7129cb79-1575-4dab-90de-ee8e8f4bdab0}</UniqueIdentifier>
    </Filter>
    <Filter Include="Object\Obstacle">
      <UniqueIdentifier>{ea26364e-6645-4d30-8675-87a978c1cad7}</UniqueIdentifier>
    </Filter>
    <Filter Include="Object\UI">
      <UniqueIdentifier>{7242cb4f-dc24-4434-a2a1-a478a86c8a99}</UniqueIdentifier>
    </Filter>
    <Filter Include="Object\Map">
      <UniqueIdentifier>{cfa2d20a-c416-422e-b4b9-c133dcf5c75d}</UniqueIdentifier>
    </Filter>
    <Filter Include="Shaders\fx">
      <UniqueIdentifier>{6dbbb9d0-884b-420f-b4d4-a41f3f297c4f}</UniqueIdentifier>
    </Filter>
    <Filter Include="Object\Main">
      <UniqueIdentifier>{8f0b6c4b-b622-45db-bed5-10c0ac27d785}</UniqueIdentifier>
    </Filter>
  </ItemGroup>
  <ItemGroup>
    <None Include="DXUT\Optional\directx.ico">
      <Filter>Resource Files</Filter>
    </None>
    <ClInclude Include="DXUT\Core\DXUT.h">
      <Filter>DXUT</Filter>
    </ClInclude>
    <ClInclude Include="DXUT\Core\DXUTenum.h">
      <Filter>DXUT</Filter>
    </ClInclude>
    <ClInclude Include="DXUT\Core\DXUTmisc.h">
      <Filter>DXUT</Filter>
    </ClInclude>
    <ClCompile Include="DXUT\Core\DXUT.cpp">
      <Filter>DXUT</Filter>
    </ClCompile>
    <ClCompile Include="DXUT\Core\DXUTenum.cpp">
      <Filter>DXUT</Filter>
    </ClCompile>
    <ClCompile Include="DXUT\Core\DXUTmisc.cpp">
      <Filter>DXUT</Filter>
    </ClCompile>
    <ClInclude Include="DXUT\Optional\DXUTcamera.h">
      <Filter>DXUT</Filter>
    </ClInclude>
    <ClInclude Include="DXUT\Optional\DXUTgui.h">
      <Filter>DXUT</Filter>
    </ClInclude>
    <ClInclude Include="DXUT\Optional\DXUTres.h">
      <Filter>DXUT</Filter>
    </ClInclude>
    <ClInclude Include="DXUT\Optional\DXUTsettingsdlg.h">
      <Filter>DXUT</Filter>
    </ClInclude>
    <ClInclude Include="DXUT\Optional\SDKmesh.h">
      <Filter>DXUT</Filter>
    </ClInclude>
    <ClInclude Include="DXUT\Optional\SDKmisc.h">
      <Filter>DXUT</Filter>
    </ClInclude>
    <ClCompile Include="DXUT\Optional\DXUTcamera.cpp">
      <Filter>DXUT</Filter>
    </ClCompile>
    <ClCompile Include="DXUT\Optional\DXUTgui.cpp">
      <Filter>DXUT</Filter>
    </ClCompile>
    <ClCompile Include="DXUT\Optional\DXUTres.cpp">
      <Filter>DXUT</Filter>
    </ClCompile>
    <ClCompile Include="DXUT\Optional\DXUTsettingsdlg.cpp">
      <Filter>DXUT</Filter>
    </ClCompile>
    <ClCompile Include="DXUT\Optional\SDKmesh.cpp">
      <Filter>DXUT</Filter>
    </ClCompile>
    <ClCompile Include="DXUT\Optional\SDKmisc.cpp">
      <Filter>DXUT</Filter>
    </ClCompile>
    <None Include="cpp.hint">
      <Filter>Core</Filter>
    </None>
    <None Include="Assets\Shader\ColorShader.fx">
      <Filter>Shaders\fx</Filter>
    </None>
    <None Include="Assets\Shader\BlinkShader.fx">
      <Filter>Shaders\fx</Filter>
    </None>
  </ItemGroup>
  <ItemGroup>
    <ClCompile Include="Camera.cpp">
      <Filter>Core</Filter>
    </ClCompile>
    <ClCompile Include="Collider.cpp">
      <Filter>Core</Filter>
    </ClCompile>
    <ClCompile Include="Game.cpp">
      <Filter>Core</Filter>
    </ClCompile>
    <ClCompile Include="Input.cpp">
      <Filter>Core</Filter>
    </ClCompile>
    <ClCompile Include="Object.cpp">
      <Filter>Core</Filter>
    </ClCompile>
    <ClCompile Include="ShipShooting2.cpp">
      <Filter>Core</Filter>
    </ClCompile>
    <ClCompile Include="Sprite.cpp">
      <Filter>Core</Filter>
    </ClCompile>
    <ClCompile Include="Texture.cpp">
      <Filter>Core</Filter>
    </ClCompile>
    <ClCompile Include="Scene.cpp">
      <Filter>Scene</Filter>
    </ClCompile>
    <ClCompile Include="GameScene.cpp">
      <Filter>Scene</Filter>
    </ClCompile>
    <ClCompile Include="Unit.cpp">
      <Filter>Object\Unit</Filter>
    </ClCompile>
    <ClCompile Include="Player.cpp">
      <Filter>Object\Unit\Player</Filter>
    </ClCompile>
    <ClCompile Include="CWeapon.cpp">
      <Filter>Object\Unit\Player\Weapon</Filter>
    </ClCompile>
    <ClCompile Include="CEnemy.cpp">
      <Filter>Object\Unit\Enemy</Filter>
    </ClCompile>
    <ClCompile Include="FloatingEnemy.cpp">
      <Filter>Object\Unit\Enemy</Filter>
    </ClCompile>
    <ClCompile Include="EnemyManager.cpp">
      <Filter>Object\Unit\Enemy</Filter>
    </ClCompile>
    <ClCompile Include="ColorShader.cpp">
      <Filter>Shaders</Filter>
    </ClCompile>
    <ClCompile Include="ShaderManager.cpp">
      <Filter>Shaders</Filter>
    </ClCompile>
    <ClCompile Include="CBullet.cpp">
      <Filter>Object\Bullet</Filter>
    </ClCompile>
    <ClCompile Include="MachinegunBullet.cpp">
      <Filter>Object\Bullet</Filter>
    </ClCompile>
    <ClCompile Include="HomingBullet.cpp">
      <Filter>Object\Bullet</Filter>
    </ClCompile>
    <ClCompile Include="FlyingEnemy.cpp">
      <Filter>Object\Unit\Enemy</Filter>
    </ClCompile>
    <ClCompile Include="Item.cpp">
      <Filter>Object\Item</Filter>
    </ClCompile>
    <ClCompile Include="Effect.cpp">
      <Filter>Object\Effect</Filter>
    </ClCompile>
    <ClCompile Include="Obstacle.cpp">
      <Filter>Object\Obstacle</Filter>
    </ClCompile>
    <ClCompile Include="ObstacleManager.cpp">
      <Filter>Object\Obstacle</Filter>
    </ClCompile>
    <ClCompile Include="PlayerUI.cpp">
      <Filter>Object\UI</Filter>
    </ClCompile>
    <ClCompile Include="Cloud.cpp">
      <Filter>Object\Map</Filter>
    </ClCompile>
    <ClCompile Include="MsgBox.cpp">
      <Filter>Object\Unit\Player</Filter>
    </ClCompile>
    <ClCompile Include="Airsupport.cpp">
      <Filter>Object\Effect</Filter>
    </ClCompile>
    <ClCompile Include="FocusedFire.cpp">
      <Filter>Object\Effect</Filter>
    </ClCompile>
    <ClCompile Include="BlinkShader.cpp">
      <Filter>Shaders</Filter>
    </ClCompile>
    <ClCompile Include="Main.cpp">
      <Filter>Object\Main</Filter>
    </ClCompile>
    <ClCompile Include="Map.cpp">
      <Filter>Object\Map</Filter>
    </ClCompile>
    <ClCompile Include="MiniMap.cpp">
      <Filter>Object\Map</Filter>
    </ClCompile>
    <ClCompile Include="ItemUI.cpp">
      <Filter>Object\UI</Filter>
    </ClCompile>
    <ClCompile Include="StageFont.cpp">
      <Filter>Object\UI</Filter>
    </ClCompile>
    <ClCompile Include="StageHelp.cpp">
      <Filter>Object\UI</Filter>
    </ClCompile>
    <ClCompile Include="MainScene.cpp">
      <Filter>Scene</Filter>
    </ClCompile>
    <ClCompile Include="Help.cpp">
      <Filter>Object\Main</Filter>
    </ClCompile>
    <ClCompile Include="Rank.cpp">
      <Filter>Object\Main</Filter>
    </ClCompile>
    <ClCompile Include="WriteRank.cpp" />
    <ClCompile Include="RankingScene.cpp">
      <Filter>Scene</Filter>
    </ClCompile>
    <ClCompile Include="GameScene2.cpp">
      <Filter>Scene</Filter>
    </ClCompile>
    <ClCompile Include="BigShip.cpp">
      <Filter>Object\Unit\Enemy</Filter>
    </ClCompile>
    <ClCompile Include="BossIntro.cpp">
      <Filter>Object\UI</Filter>
    </ClCompile>
    <ClCompile Include="AttackGuide.cpp">
      <Filter>Object\Effect</Filter>
    </ClCompile>
    <ClCompile Include="CalcPage.cpp" />
    <ClCompile Include="Fade.cpp">
      <Filter>Object\Effect</Filter>
    </ClCompile>
    <ClCompile Include="BigPlane.cpp">
      <Filter>Object\Unit\Enemy</Filter>
    </ClCompile>
    <ClCompile Include="LoadSprite.cpp" />
    <ClCompile Include="SoundManager.cpp" />
    <ClCompile Include="AttackCollider.cpp" />
  </ItemGroup>
  <ItemGroup>
    <ClInclude Include="Texture.h">
      <Filter>Core</Filter>
    </ClInclude>
    <ClInclude Include="Camera.h">
      <Filter>Core</Filter>
    </ClInclude>
    <ClInclude Include="Collider.h">
      <Filter>Core</Filter>
    </ClInclude>
    <ClInclude Include="Game.h">
      <Filter>Core</Filter>
    </ClInclude>
    <ClInclude Include="Header.h">
      <Filter>Core</Filter>
    </ClInclude>
    <ClInclude Include="Input.h">
      <Filter>Core</Filter>
    </ClInclude>
    <ClInclude Include="Object.h">
      <Filter>Core</Filter>
    </ClInclude>
    <ClInclude Include="Singleton.h">
      <Filter>Core</Filter>
    </ClInclude>
    <ClInclude Include="Sprite.h">
      <Filter>Core</Filter>
    </ClInclude>
    <ClInclude Include="Scene.h">
      <Filter>Scene</Filter>
    </ClInclude>
    <ClInclude Include="GameScene.h">
      <Filter>Scene</Filter>
    </ClInclude>
    <ClInclude Include="Unit.h">
      <Filter>Object\Unit</Filter>
    </ClInclude>
    <ClInclude Include="Player.h">
      <Filter>Object\Unit\Player</Filter>
    </ClInclude>
    <ClInclude Include="CWeapon.h">
      <Filter>Object\Unit\Player\Weapon</Filter>
    </ClInclude>
    <ClInclude Include="CEnemy.h">
      <Filter>Object\Unit\Enemy</Filter>
    </ClInclude>
    <ClInclude Include="FloatingEnemy.h">
      <Filter>Object\Unit\Enemy</Filter>
    </ClInclude>
    <ClInclude Include="EnemyManager.h">
      <Filter>Object\Unit\Enemy</Filter>
    </ClInclude>
    <ClInclude Include="ColorShader.h">
      <Filter>Shaders</Filter>
    </ClInclude>
    <ClInclude Include="ShaderManager.h">
      <Filter>Shaders</Filter>
    </ClInclude>
    <ClInclude Include="CBullet.h">
      <Filter>Object\Bullet</Filter>
    </ClInclude>
    <ClInclude Include="MachinegunBullet.h">
      <Filter>Object\Bullet</Filter>
    </ClInclude>
    <ClInclude Include="HomingBullet.h">
      <Filter>Object\Bullet</Filter>
    </ClInclude>
    <ClInclude Include="FlyingEnemy.h">
      <Filter>Object\Unit\Enemy</Filter>
    </ClInclude>
    <ClInclude Include="Item.h">
      <Filter>Object\Item</Filter>
    </ClInclude>
    <ClInclude Include="Effect.h">
      <Filter>Object\Effect</Filter>
    </ClInclude>
    <ClInclude Include="Obstacle.h">
      <Filter>Object\Obstacle</Filter>
    </ClInclude>
    <ClInclude Include="ObstacleManager.h">
      <Filter>Object\Obstacle</Filter>
    </ClInclude>
    <ClInclude Include="PlayerUI.h">
      <Filter>Object\UI</Filter>
    </ClInclude>
    <ClInclude Include="Font.h">
      <Filter>Object\UI</Filter>
    </ClInclude>
    <ClInclude Include="Cloud.h">
      <Filter>Object\Map</Filter>
    </ClInclude>
    <ClInclude Include="MsgBox.h">
      <Filter>Object\Unit\Player</Filter>
    </ClInclude>
    <ClInclude Include="Airsupport.h">
      <Filter>Object\Effect</Filter>
    </ClInclude>
    <ClInclude Include="FocusedFire.h">
      <Filter>Object\Effect</Filter>
    </ClInclude>
    <ClInclude Include="BlinkShader.h">
      <Filter>Shaders</Filter>
    </ClInclude>
    <ClInclude Include="Main.h">
      <Filter>Object\Main</Filter>
    </ClInclude>
    <ClInclude Include="Map.h">
      <Filter>Object\Map</Filter>
    </ClInclude>
    <ClInclude Include="MiniMap.h">
      <Filter>Object\Map</Filter>
    </ClInclude>
    <ClInclude Include="StageHelp.h">
      <Filter>Object\UI</Filter>
    </ClInclude>
    <ClInclude Include="ItemUI.h">
      <Filter>Object\UI</Filter>
    </ClInclude>
    <ClInclude Include="StageFont.h">
      <Filter>Object\UI</Filter>
    </ClInclude>
    <ClInclude Include="MainScene.h">
      <Filter>Scene</Filter>
    </ClInclude>
    <ClInclude Include="Help.h">
      <Filter>Object\Main</Filter>
    </ClInclude>
    <ClInclude Include="Rank.h">
      <Filter>Object\Main</Filter>
    </ClInclude>
    <ClInclude Include="WriteRank.h" />
    <ClInclude Include="RankingScene.h">
      <Filter>Scene</Filter>
    </ClInclude>
    <ClInclude Include="GameScene2.h">
      <Filter>Scene</Filter>
    </ClInclude>
    <ClInclude Include="BigShip.h">
      <Filter>Object\Unit\Enemy</Filter>
    </ClInclude>
    <ClInclude Include="BossIntro.h">
      <Filter>Object\UI</Filter>
    </ClInclude>
    <ClInclude Include="AttackGuide.h">
      <Filter>Object\Effect</Filter>
    </ClInclude>
    <ClInclude Include="CalcPage.h" />
    <ClInclude Include="Fade.h">
      <Filter>Object\Effect</Filter>
    </ClInclude>
    <ClInclude Include="BigPlane.h">
      <Filter>Object\Unit\Enemy</Filter>
    </ClInclude>
    <ClInclude Include="LoadSprite.h" />
    <ClInclude Include="SoundManager.h" />
    <ClInclude Include="AttackCollider.h" />
  </ItemGroup>
  <ItemGroup>
    <CLInclude Include="resource.h">
      <Filter>Resource Files</Filter>
    </CLInclude>
    <ResourceCompile Include="ShipShooting2.rc">
      <Filter>Resource Files</Filter>
    </ResourceCompile>
  </ItemGroup>
</Project>