<?xml version="1.0" encoding="utf-8"?>
<Project ToolsVersion="4.0" xmlns:atg="http://atg.xbox.com" xmlns="http://schemas.microsoft.com/developer/msbuild/2003">
  <ItemGroup>
    <Filter Include="Resource Files">
      <UniqueIdentifier>{8e114980-c1a3-4ada-ad7c-83caadf5daeb}</UniqueIdentifier>
      <Extensions>rc;ico;cur;bmp;dlg;rc2;rct;bin;rgs;gif;jpg;jpeg;jpe</Extensions>
    </Filter>
    <Filter Include="DXUT">
      <UniqueIdentifier>{a43c5c25-0e86-4a20-b64a-883785ff74fd}</UniqueIdentifier>
    </Filter>
    <Filter Include="Core">
      <UniqueIdentifier>{d0b12a70-6541-469f-8574-2b36ce9c1781}</UniqueIdentifier>
    </Filter>
    <Filter Include="Scene">
      <UniqueIdentifier>{09b2564c-6a09-4ffc-b380-b8fe7ce670f9}</UniqueIdentifier>
    </Filter>
    <Filter Include="Object">
      <UniqueIdentifier>{a00788b1-c775-43e7-a46d-10f37d85e94d}</UniqueIdentifier>
    </Filter>
    <Filter Include="Object\Unit">
      <UniqueIdentifier>{6d360160-ef03-4685-becf-552295224d32}</UniqueIdentifier>
    </Filter>
    <Filter Include="Object\Unit\Player">
      <UniqueIdentifier>{8602a5d7-41e9-483b-a3b1-c09c247e829c}</UniqueIdentifier>
    </Filter>
    <Filter Include="Object\Unit\Player\Waepon">
      <UniqueIdentifier>{ce147fe0-b336-47b6-8f4e-d45fcb893d3a}</UniqueIdentifier>
    </Filter>
    <Filter Include="Object\Unit\Player\Ship">
      <UniqueIdentifier>{bcd86a5d-ffaa-4ca4-922b-4fa945cbdbf8}</UniqueIdentifier>
    </Filter>
    <Filter Include="Object\Effect">
      <UniqueIdentifier>{caa83c17-7331-4291-9bd0-acb98a624e25}</UniqueIdentifier>
    </Filter>
    <Filter Include="Object\Bullet">
      <UniqueIdentifier>{e2a4d9a3-476b-4531-b328-a0998450796b}</UniqueIdentifier>
    </Filter>
    <Filter Include="Object\Unit\Enemy">
      <UniqueIdentifier>{889c3e3e-c452-42a6-ac20-4e117751f710}</UniqueIdentifier>
    </Filter>
    <Filter Include="Object\Obstacle">
      <UniqueIdentifier>{8316edc6-762f-46dd-8333-0061e1fdede8}</UniqueIdentifier>
    </Filter>
    <Filter Include="Shader">
      <UniqueIdentifier>{7742e757-5f6e-403e-bd5f-2b35043ade69}</UniqueIdentifier>
    </Filter>
    <Filter Include="Shader\fx">
      <UniqueIdentifier>{6e792e59-9de5-4649-b0c9-a97b0314de27}</UniqueIdentifier>
    </Filter>
    <Filter Include="Object\Unit\Enemy\Boss">
      <UniqueIdentifier>{9d2e923c-168d-497f-82ad-4265b1755c79}</UniqueIdentifier>
    </Filter>
    <Filter Include="Object\Main">
      <UniqueIdentifier>{ae3e2248-8b4e-4b34-87c0-ba37fa2180c1}</UniqueIdentifier>
    </Filter>
  </ItemGroup>
  <ItemGroup>
    <None Include="DXUT\Optional\directx.ico">
      <Filter>Resource Files</Filter>
    </None>
    <None Include="Assets\Shader\colorShader.fx">
      <Filter>Shader\fx</Filter>
    </None>
  </ItemGroup>
  <ItemGroup>
    <ClCompile Include="Camera.cpp">
      <Filter>Core</Filter>
    </ClCompile>
    <ClCompile Include="Collider.cpp">
      <Filter>Core</Filter>
    </ClCompile>
    <ClCompile Include="Game.cpp">
      <Filter>Core</Filter>
    </ClCompile>
    <ClCompile Include="Input.cpp">
      <Filter>Core</Filter>
    </ClCompile>
    <ClCompile Include="Object.cpp">
      <Filter>Core</Filter>
    </ClCompile>
    <ClCompile Include="ShipShooting.cpp">
      <Filter>Core</Filter>
    </ClCompile>
    <ClCompile Include="Sprite.cpp">
      <Filter>Core</Filter>
    </ClCompile>
    <ClCompile Include="Texture.cpp">
      <Filter>Core</Filter>
    </ClCompile>
    <ClCompile Include="Unit.cpp">
      <Filter>Object\Unit</Filter>
    </ClCompile>
    <ClCompile Include="GameScene.cpp">
      <Filter>Scene</Filter>
    </ClCompile>
    <ClCompile Include="Scene.cpp">
      <Filter>Scene</Filter>
    </ClCompile>
    <ClCompile Include="Ocean.cpp">
      <Filter>Object</Filter>
    </ClCompile>
    <ClCompile Include="Player.cpp">
      <Filter>Object\Unit\Player\Ship</Filter>
    </ClCompile>
    <ClCompile Include="CWeapon.cpp">
      <Filter>Object\Unit\Player\Waepon</Filter>
    </ClCompile>
    <ClCompile Include="MachineGun.cpp">
      <Filter>Object\Unit\Player\Waepon</Filter>
    </ClCompile>
    <ClCompile Include="Cannon.cpp">
      <Filter>Object\Unit\Player\Waepon</Filter>
    </ClCompile>
    <ClCompile Include="Effect.cpp">
      <Filter>Object\Effect</Filter>
    </ClCompile>
    <ClCompile Include="CBullet.cpp">
      <Filter>Object\Bullet</Filter>
    </ClCompile>
    <ClCompile Include="HomingBullet.cpp">
      <Filter>Object\Bullet</Filter>
    </ClCompile>
    <ClCompile Include="Torpedo.cpp">
      <Filter>Object\Bullet</Filter>
    </ClCompile>
    <ClCompile Include="MachinegunBullet.cpp">
      <Filter>Object\Bullet</Filter>
    </ClCompile>
    <ClCompile Include="CEnemy.cpp">
      <Filter>Object\Unit\Enemy</Filter>
    </ClCompile>
    <ClCompile Include="FlyingEnemy.cpp">
      <Filter>Object\Unit\Enemy</Filter>
    </ClCompile>
    <ClCompile Include="FloatingEnemy.cpp">
      <Filter>Object\Unit\Enemy</Filter>
    </ClCompile>
    <ClCompile Include="EnemyManager.cpp">
      <Filter>Object\Unit\Enemy</Filter>
    </ClCompile>
    <ClCompile Include="MissileTurret.cpp">
      <Filter>Object\Unit\Player\Waepon</Filter>
    </ClCompile>
    <ClCompile Include="Mine.cpp">
      <Filter>Object\Obstacle</Filter>
    </ClCompile>
    <ClCompile Include="ShaderManager.cpp">
      <Filter>Shader</Filter>
    </ClCompile>
    <ClCompile Include="ColorShader.cpp">
      <Filter>Shader</Filter>
    </ClCompile>
    <ClCompile Include="BigShip.cpp">
      <Filter>Object\Unit\Enemy\Boss</Filter>
    </ClCompile>
    <ClCompile Include="PlayerUI.cpp" />
    <ClCompile Include="Item.cpp" />
    <ClCompile Include="TorpedoLauncher.cpp">
      <Filter>Object\Unit\Player\Waepon</Filter>
    </ClCompile>
    <ClCompile Include="MiniMap.cpp" />
    <ClCompile Include="MainScene.cpp">
      <Filter>Scene</Filter>
    </ClCompile>
    <ClCompile Include="Main.cpp">
      <Filter>Object\Main</Filter>
    </ClCompile>
    <ClCompile Include="Trash.cpp">
      <Filter>Object\Obstacle</Filter>
    </ClCompile>
  </ItemGroup>
  <ItemGroup>
    <ClInclude Include="Camera.h">
      <Filter>Core</Filter>
    </ClInclude>
    <ClInclude Include="Collider.h">
      <Filter>Core</Filter>
    </ClInclude>
    <ClInclude Include="Game.h">
      <Filter>Core</Filter>
    </ClInclude>
    <ClInclude Include="Header.h">
      <Filter>Core</Filter>
    </ClInclude>
    <ClInclude Include="Input.h">
      <Filter>Core</Filter>
    </ClInclude>
    <ClInclude Include="Object.h">
      <Filter>Core</Filter>
    </ClInclude>
    <ClInclude Include="Singleton.h">
      <Filter>Core</Filter>
    </ClInclude>
    <ClInclude Include="Sprite.h">
      <Filter>Core</Filter>
    </ClInclude>
    <ClInclude Include="Texture.h">
      <Filter>Core</Filter>
    </ClInclude>
    <ClInclude Include="Unit.h">
      <Filter>Object\Unit</Filter>
    </ClInclude>
    <ClInclude Include="GameScene.h">
      <Filter>Scene</Filter>
    </ClInclude>
    <ClInclude Include="Scene.h">
      <Filter>Scene</Filter>
    </ClInclude>
    <ClInclude Include="Ocean.h">
      <Filter>Object</Filter>
    </ClInclude>
    <ClInclude Include="Player.h">
      <Filter>Object\Unit\Player\Ship</Filter>
    </ClInclude>
    <ClInclude Include="CWeapon.h">
      <Filter>Object\Unit\Player\Waepon</Filter>
    </ClInclude>
    <ClInclude Include="MachineGun.h">
      <Filter>Object\Unit\Player\Waepon</Filter>
    </ClInclude>
    <ClInclude Include="Cannon.h">
      <Filter>Object\Unit\Player\Waepon</Filter>
    </ClInclude>
    <ClInclude Include="Effect.h">
      <Filter>Object\Effect</Filter>
    </ClInclude>
    <ClInclude Include="CBullet.h">
      <Filter>Object\Bullet</Filter>
    </ClInclude>
    <ClInclude Include="HomingBullet.h">
      <Filter>Object\Bullet</Filter>
    </ClInclude>
    <ClInclude Include="Torpedo.h">
      <Filter>Object\Bullet</Filter>
    </ClInclude>
    <ClInclude Include="MachinegunBullet.h">
      <Filter>Object\Bullet</Filter>
    </ClInclude>
    <ClInclude Include="FlyingEnemy.h">
      <Filter>Object\Unit\Enemy</Filter>
    </ClInclude>
    <ClInclude Include="CEnemy.h">
      <Filter>Object\Unit\Enemy</Filter>
    </ClInclude>
    <ClInclude Include="FloatingEnemy.h">
      <Filter>Object\Unit\Enemy</Filter>
    </ClInclude>
    <ClInclude Include="EnemyManager.h">
      <Filter>Object\Unit\Enemy</Filter>
    </ClInclude>
    <ClInclude Include="MissileTurret.h">
      <Filter>Object\Unit\Player\Waepon</Filter>
    </ClInclude>
    <ClInclude Include="Mine.h">
      <Filter>Object\Obstacle</Filter>
    </ClInclude>
    <ClInclude Include="ShaderManager.h">
      <Filter>Shader</Filter>
    </ClInclude>
    <ClInclude Include="ColorShader.h">
      <Filter>Shader</Filter>
    </ClInclude>
    <ClInclude Include="BigShip.h">
      <Filter>Object\Unit\Enemy\Boss</Filter>
    </ClInclude>
    <ClInclude Include="Font.h" />
    <ClInclude Include="PlayerUI.h" />
    <ClInclude Include="Item.h" />
    <ClInclude Include="TorpedoLauncher.h">
      <Filter>Object\Unit\Player\Waepon</Filter>
    </ClInclude>
    <ClInclude Include="MiniMap.h" />
    <ClInclude Include="MainScene.h">
      <Filter>Scene</Filter>
    </ClInclude>
    <ClInclude Include="Main.h">
      <Filter>Object\Main</Filter>
    </ClInclude>
    <ClInclude Include="Trash.h">
      <Filter>Object\Obstacle</Filter>
    </ClInclude>
  </ItemGroup>
  <ItemGroup>
    <CLInclude Include="resource.h">
      <Filter>Resource Files</Filter>
    </CLInclude>
    <ResourceCompile Include="ShipShooting.rc">
      <Filter>Resource Files</Filter>
    </ResourceCompile>
  </ItemGroup>
</Project>